{
  "version": 4,
  "terraform_version": "0.13.3",
  "serial": 3,
  "lineage": "59bf751f-286b-0bd9-2c47-d63e7caef57e",
  "outputs": {
    "resource_group_name": {
      "value": "rg-flowing-flamingo",
      "type": "string"
    }
  },
  "resources": [
    {
      "mode": "managed",
      "type": "azurerm_resource_group",
      "name": "rg",
      "provider": "provider[\"registry.terraform.io/hashicorp/azurerm\"]",
      "instances": [
        {
          "schema_version": 0,
          "attributes": {
            "id": "/subscriptions/2abc2ec1-2238-430d-bf52-40cb7dc8b652/resourceGroups/rg-flowing-flamingo",
            "location": "eastus",
            "name": "rg-flowing-flamingo",
            "tags": null,
            "timeouts": null
          },
          "private": "eyJlMmJmYjczMC1lY2FhLTExZTYtOGY4OC0zNDM2M2JjN2M0YzAiOnsiY3JlYXRlIjo1NDAwMDAwMDAwMDAwLCJkZWxldGUiOjU0MDAwMDAwMDAwMDAsInJlYWQiOjMwMDAwMDAwMDAwMCwidXBkYXRlIjo1NDAwMDAwMDAwMDAwfX0=",
          "dependencies": [
            "random_pet.rg-name"
          ]
        }
      ]
    },
    {
      "mode": "managed",
      "type": "random_pet",
      "name": "rg-name",
      "provider": "provider[\"registry.terraform.io/hashicorp/random\"]",
      "instances": [
        {
          "schema_version": 0,
          "attributes": {
            "id": "rg-flowing-flamingo",
            "keepers": null,
            "length": 2,
            "prefix": "rg",
            "separator": "-"
          },
          "private": "bnVsbA=="
        }
      ]
    }
  ]
}
